// !$*UTF8*$!
{
	archiveVersion = 1;
	classes = {
	};
	objectVersion = 46;
	objects = {

/* Begin PBXBuildFile section */
		832FAAD61AF8667000BAC2F4 /* OfficeAnnotation.m in Sources */ = {isa = PBXBuildFile; fileRef = 832FAAD51AF8667000BAC2F4 /* OfficeAnnotation.m */; };
		839A5D771AF18799006702AB /* main.m in Sources */ = {isa = PBXBuildFile; fileRef = 839A5D761AF18799006702AB /* main.m */; };
		839A5D7A1AF18799006702AB /* AppDelegate.m in Sources */ = {isa = PBXBuildFile; fileRef = 839A5D791AF18799006702AB /* AppDelegate.m */; };
		839A5D801AF18799006702AB /* Main.storyboard in Resources */ = {isa = PBXBuildFile; fileRef = 839A5D7E1AF18799006702AB /* Main.storyboard */; };
		839A5D821AF18799006702AB /* Images.xcassets in Resources */ = {isa = PBXBuildFile; fileRef = 839A5D811AF18799006702AB /* Images.xcassets */; };
		839A5D851AF18799006702AB /* LaunchScreen.xib in Resources */ = {isa = PBXBuildFile; fileRef = 839A5D831AF18799006702AB /* LaunchScreen.xib */; };
		839A5D911AF18799006702AB /* RainMyRepresentativesTests.m in Sources */ = {isa = PBXBuildFile; fileRef = 839A5D901AF18799006702AB /* RainMyRepresentativesTests.m */; };
		83A20E4F1AF305A1007C5FD5 /* Representative.m in Sources */ = {isa = PBXBuildFile; fileRef = 83A20E4E1AF305A1007C5FD5 /* Representative.m */; };
		83A20E521AF30CEB007C5FD5 /* MapKit.framework in Frameworks */ = {isa = PBXBuildFile; fileRef = 83A20E511AF30CEB007C5FD5 /* MapKit.framework */; };
		83A20E541AF30CF2007C5FD5 /* CoreLocation.framework in Frameworks */ = {isa = PBXBuildFile; fileRef = 83A20E531AF30CF2007C5FD5 /* CoreLocation.framework */; };
		83A20E571AF3155A007C5FD5 /* RepresentativeController.m in Sources */ = {isa = PBXBuildFile; fileRef = 83A20E561AF3155A007C5FD5 /* RepresentativeController.m */; };
		83EF29491AF680BA009F1795 /* HomeScreenViewController.m in Sources */ = {isa = PBXBuildFile; fileRef = 83EF29481AF680BA009F1795 /* HomeScreenViewController.m */; };
		83EF294D1AF6C774009F1795 /* HomeScreenTableViewCell.m in Sources */ = {isa = PBXBuildFile; fileRef = 83EF294C1AF6C774009F1795 /* HomeScreenTableViewCell.m */; };
		83EF29511AF6D18B009F1795 /* SearchViewController.m in Sources */ = {isa = PBXBuildFile; fileRef = 83EF29501AF6D18B009F1795 /* SearchViewController.m */; };
		83EF29551AF6DCF1009F1795 /* SearchResultsTableViewCell.m in Sources */ = {isa = PBXBuildFile; fileRef = 83EF29541AF6DCF1009F1795 /* SearchResultsTableViewCell.m */; };
		83EF29581AF74D84009F1795 /* RepDetailViewController.m in Sources */ = {isa = PBXBuildFile; fileRef = 83EF29571AF74D84009F1795 /* RepDetailViewController.m */; };
		83EF295C1AF80636009F1795 /* WebViewController.m in Sources */ = {isa = PBXBuildFile; fileRef = 83EF295B1AF80636009F1795 /* WebViewController.m */; };
		83EF29601AF849B3009F1795 /* LocationViewController.m in Sources */ = {isa = PBXBuildFile; fileRef = 83EF295F1AF849B3009F1795 /* LocationViewController.m */; };
/* End PBXBuildFile section */

/* Begin PBXContainerItemProxy section */
		839A5D8B1AF18799006702AB /* PBXContainerItemProxy */ = {
			isa = PBXContainerItemProxy;
			containerPortal = 839A5D691AF18799006702AB /* Project object */;
			proxyType = 1;
			remoteGlobalIDString = 839A5D701AF18799006702AB;
			remoteInfo = RainMyRepresentatives;
		};
/* End PBXContainerItemProxy section */

/* Begin PBXFileReference section */
		832FAAD41AF8667000BAC2F4 /* OfficeAnnotation.h */ = {isa = PBXFileReference; fileEncoding = 4; lastKnownFileType = sourcecode.c.h; path = OfficeAnnotation.h; sourceTree = "<group>"; };
		832FAAD51AF8667000BAC2F4 /* OfficeAnnotation.m */ = {isa = PBXFileReference; fileEncoding = 4; lastKnownFileType = sourcecode.c.objc; path = OfficeAnnotation.m; sourceTree = "<group>"; };
		839A5D711AF18799006702AB /* RainMyRepresentatives.app */ = {isa = PBXFileReference; explicitFileType = wrapper.application; includeInIndex = 0; path = RainMyRepresentatives.app; sourceTree = BUILT_PRODUCTS_DIR; };
		839A5D751AF18799006702AB /* Info.plist */ = {isa = PBXFileReference; lastKnownFileType = text.plist.xml; path = Info.plist; sourceTree = "<group>"; };
		839A5D761AF18799006702AB /* main.m */ = {isa = PBXFileReference; lastKnownFileType = sourcecode.c.objc; path = main.m; sourceTree = "<group>"; };
		839A5D781AF18799006702AB /* AppDelegate.h */ = {isa = PBXFileReference; lastKnownFileType = sourcecode.c.h; path = AppDelegate.h; sourceTree = "<group>"; };
		839A5D791AF18799006702AB /* AppDelegate.m */ = {isa = PBXFileReference; lastKnownFileType = sourcecode.c.objc; path = AppDelegate.m; sourceTree = "<group>"; };
		839A5D7F1AF18799006702AB /* Base */ = {isa = PBXFileReference; lastKnownFileType = file.storyboard; name = Base; path = Base.lproj/Main.storyboard; sourceTree = "<group>"; };
		839A5D811AF18799006702AB /* Images.xcassets */ = {isa = PBXFileReference; lastKnownFileType = folder.assetcatalog; path = Images.xcassets; sourceTree = "<group>"; };
		839A5D841AF18799006702AB /* Base */ = {isa = PBXFileReference; lastKnownFileType = file.xib; name = Base; path = Base.lproj/LaunchScreen.xib; sourceTree = "<group>"; };
		839A5D8A1AF18799006702AB /* RainMyRepresentativesTests.xctest */ = {isa = PBXFileReference; explicitFileType = wrapper.cfbundle; includeInIndex = 0; path = RainMyRepresentativesTests.xctest; sourceTree = BUILT_PRODUCTS_DIR; };
		839A5D8F1AF18799006702AB /* Info.plist */ = {isa = PBXFileReference; lastKnownFileType = text.plist.xml; path = Info.plist; sourceTree = "<group>"; };
		839A5D901AF18799006702AB /* RainMyRepresentativesTests.m */ = {isa = PBXFileReference; lastKnownFileType = sourcecode.c.objc; path = RainMyRepresentativesTests.m; sourceTree = "<group>"; };
		83A20E4D1AF305A1007C5FD5 /* Representative.h */ = {isa = PBXFileReference; fileEncoding = 4; lastKnownFileType = sourcecode.c.h; path = Representative.h; sourceTree = "<group>"; };
		83A20E4E1AF305A1007C5FD5 /* Representative.m */ = {isa = PBXFileReference; fileEncoding = 4; lastKnownFileType = sourcecode.c.objc; path = Representative.m; sourceTree = "<group>"; };
		83A20E511AF30CEB007C5FD5 /* MapKit.framework */ = {isa = PBXFileReference; lastKnownFileType = wrapper.framework; name = MapKit.framework; path = System/Library/Frameworks/MapKit.framework; sourceTree = SDKROOT; };
		83A20E531AF30CF2007C5FD5 /* CoreLocation.framework */ = {isa = PBXFileReference; lastKnownFileType = wrapper.framework; name = CoreLocation.framework; path = System/Library/Frameworks/CoreLocation.framework; sourceTree = SDKROOT; };
		83A20E551AF3155A007C5FD5 /* RepresentativeController.h */ = {isa = PBXFileReference; fileEncoding = 4; lastKnownFileType = sourcecode.c.h; path = RepresentativeController.h; sourceTree = "<group>"; };
		83A20E561AF3155A007C5FD5 /* RepresentativeController.m */ = {isa = PBXFileReference; fileEncoding = 4; lastKnownFileType = sourcecode.c.objc; path = RepresentativeController.m; sourceTree = "<group>"; };
		83EF29471AF680BA009F1795 /* HomeScreenViewController.h */ = {isa = PBXFileReference; fileEncoding = 4; lastKnownFileType = sourcecode.c.h; path = HomeScreenViewController.h; sourceTree = "<group>"; };
		83EF29481AF680BA009F1795 /* HomeScreenViewController.m */ = {isa = PBXFileReference; fileEncoding = 4; lastKnownFileType = sourcecode.c.objc; path = HomeScreenViewController.m; sourceTree = "<group>"; };
		83EF294B1AF6C774009F1795 /* HomeScreenTableViewCell.h */ = {isa = PBXFileReference; fileEncoding = 4; lastKnownFileType = sourcecode.c.h; path = HomeScreenTableViewCell.h; sourceTree = "<group>"; };
		83EF294C1AF6C774009F1795 /* HomeScreenTableViewCell.m */ = {isa = PBXFileReference; fileEncoding = 4; lastKnownFileType = sourcecode.c.objc; path = HomeScreenTableViewCell.m; sourceTree = "<group>"; };
		83EF294F1AF6D18B009F1795 /* SearchViewController.h */ = {isa = PBXFileReference; fileEncoding = 4; lastKnownFileType = sourcecode.c.h; path = SearchViewController.h; sourceTree = "<group>"; };
		83EF29501AF6D18B009F1795 /* SearchViewController.m */ = {isa = PBXFileReference; fileEncoding = 4; lastKnownFileType = sourcecode.c.objc; path = SearchViewController.m; sourceTree = "<group>"; };
		83EF29531AF6DCF1009F1795 /* SearchResultsTableViewCell.h */ = {isa = PBXFileReference; fileEncoding = 4; lastKnownFileType = sourcecode.c.h; path = SearchResultsTableViewCell.h; sourceTree = "<group>"; };
		83EF29541AF6DCF1009F1795 /* SearchResultsTableViewCell.m */ = {isa = PBXFileReference; fileEncoding = 4; lastKnownFileType = sourcecode.c.objc; path = SearchResultsTableViewCell.m; sourceTree = "<group>"; };
		83EF29561AF74D84009F1795 /* RepDetailViewController.h */ = {isa = PBXFileReference; fileEncoding = 4; lastKnownFileType = sourcecode.c.h; path = RepDetailViewController.h; sourceTree = "<group>"; };
		83EF29571AF74D84009F1795 /* RepDetailViewController.m */ = {isa = PBXFileReference; fileEncoding = 4; lastKnownFileType = sourcecode.c.objc; path = RepDetailViewController.m; sourceTree = "<group>"; };
		83EF295A1AF80636009F1795 /* WebViewController.h */ = {isa = PBXFileReference; fileEncoding = 4; lastKnownFileType = sourcecode.c.h; path = WebViewController.h; sourceTree = "<group>"; };
		83EF295B1AF80636009F1795 /* WebViewController.m */ = {isa = PBXFileReference; fileEncoding = 4; lastKnownFileType = sourcecode.c.objc; path = WebViewController.m; sourceTree = "<group>"; };
		83EF295E1AF849B3009F1795 /* LocationViewController.h */ = {isa = PBXFileReference; fileEncoding = 4; lastKnownFileType = sourcecode.c.h; path = LocationViewController.h; sourceTree = "<group>"; };
		83EF295F1AF849B3009F1795 /* LocationViewController.m */ = {isa = PBXFileReference; fileEncoding = 4; lastKnownFileType = sourcecode.c.objc; path = LocationViewController.m; sourceTree = "<group>"; };
/* End PBXFileReference section */

/* Begin PBXFrameworksBuildPhase section */
		839A5D6E1AF18799006702AB /* Frameworks */ = {
			isa = PBXFrameworksBuildPhase;
			buildActionMask = 2147483647;
			files = (
				83A20E541AF30CF2007C5FD5 /* CoreLocation.framework in Frameworks */,
				83A20E521AF30CEB007C5FD5 /* MapKit.framework in Frameworks */,
			);
			runOnlyForDeploymentPostprocessing = 0;
		};
		839A5D871AF18799006702AB /* Frameworks */ = {
			isa = PBXFrameworksBuildPhase;
			buildActionMask = 2147483647;
			files = (
			);
			runOnlyForDeploymentPostprocessing = 0;
		};
/* End PBXFrameworksBuildPhase section */

/* Begin PBXGroup section */
		839A5D681AF18799006702AB = {
			isa = PBXGroup;
			children = (
				839A5D731AF18799006702AB /* RainMyRepresentatives */,
				839A5D8D1AF18799006702AB /* RainMyRepresentativesTests */,
				839A5D721AF18799006702AB /* Products */,
				83A20E531AF30CF2007C5FD5 /* CoreLocation.framework */,
				83A20E511AF30CEB007C5FD5 /* MapKit.framework */,
			);
			sourceTree = "<group>";
		};
		839A5D721AF18799006702AB /* Products */ = {
			isa = PBXGroup;
			children = (
				839A5D711AF18799006702AB /* RainMyRepresentatives.app */,
				839A5D8A1AF18799006702AB /* RainMyRepresentativesTests.xctest */,
			);
			name = Products;
			sourceTree = "<group>";
		};
		839A5D731AF18799006702AB /* RainMyRepresentatives */ = {
			isa = PBXGroup;
			children = (
				839A5D781AF18799006702AB /* AppDelegate.h */,
				839A5D791AF18799006702AB /* AppDelegate.m */,
				839A5D7E1AF18799006702AB /* Main.storyboard */,
				83EF294A1AF680BF009F1795 /* View */,
				83A20E581AF31562007C5FD5 /* Controller */,
				83A20E501AF30C86007C5FD5 /* Rep Object */,
				839A5D811AF18799006702AB /* Images.xcassets */,
				839A5D831AF18799006702AB /* LaunchScreen.xib */,
				839A5D741AF18799006702AB /* Supporting Files */,
			);
			path = RainMyRepresentatives;
			sourceTree = "<group>";
		};
		839A5D741AF18799006702AB /* Supporting Files */ = {
			isa = PBXGroup;
			children = (
				839A5D751AF18799006702AB /* Info.plist */,
				839A5D761AF18799006702AB /* main.m */,
			);
			name = "Supporting Files";
			sourceTree = "<group>";
		};
		839A5D8D1AF18799006702AB /* RainMyRepresentativesTests */ = {
			isa = PBXGroup;
			children = (
				839A5D901AF18799006702AB /* RainMyRepresentativesTests.m */,
				839A5D8E1AF18799006702AB /* Supporting Files */,
			);
			path = RainMyRepresentativesTests;
			sourceTree = "<group>";
		};
		839A5D8E1AF18799006702AB /* Supporting Files */ = {
			isa = PBXGroup;
			children = (
				839A5D8F1AF18799006702AB /* Info.plist */,
			);
			name = "Supporting Files";
			sourceTree = "<group>";
		};
		83A20E501AF30C86007C5FD5 /* Rep Object */ = {
			isa = PBXGroup;
			children = (
				83A20E4D1AF305A1007C5FD5 /* Representative.h */,
				83A20E4E1AF305A1007C5FD5 /* Representative.m */,
			);
			name = "Rep Object";
			sourceTree = "<group>";
		};
		83A20E581AF31562007C5FD5 /* Controller */ = {
			isa = PBXGroup;
			children = (
				83A20E551AF3155A007C5FD5 /* RepresentativeController.h */,
				83A20E561AF3155A007C5FD5 /* RepresentativeController.m */,
			);
			name = Controller;
			sourceTree = "<group>";
		};
		83EF294A1AF680BF009F1795 /* View */ = {
			isa = PBXGroup;
			children = (
				83EF294E1AF6D173009F1795 /* Home */,
				83EF29521AF6D193009F1795 /* Search */,
				83EF29591AF74D89009F1795 /* RepDetails */,
			);
			name = View;
			sourceTree = "<group>";
		};
		83EF294E1AF6D173009F1795 /* Home */ = {
			isa = PBXGroup;
			children = (
				83EF29471AF680BA009F1795 /* HomeScreenViewController.h */,
				83EF29481AF680BA009F1795 /* HomeScreenViewController.m */,
				83EF294B1AF6C774009F1795 /* HomeScreenTableViewCell.h */,
				83EF294C1AF6C774009F1795 /* HomeScreenTableViewCell.m */,
			);
			name = Home;
			sourceTree = "<group>";
		};
		83EF29521AF6D193009F1795 /* Search */ = {
			isa = PBXGroup;
			children = (
				83EF294F1AF6D18B009F1795 /* SearchViewController.h */,
				83EF29501AF6D18B009F1795 /* SearchViewController.m */,
				83EF29531AF6DCF1009F1795 /* SearchResultsTableViewCell.h */,
				83EF29541AF6DCF1009F1795 /* SearchResultsTableViewCell.m */,
			);
			name = Search;
			sourceTree = "<group>";
		};
		83EF29591AF74D89009F1795 /* RepDetails */ = {
			isa = PBXGroup;
			children = (
				83EF29561AF74D84009F1795 /* RepDetailViewController.h */,
				83EF29571AF74D84009F1795 /* RepDetailViewController.m */,
				83EF29611AF849B8009F1795 /* Location */,
				83EF295D1AF8063A009F1795 /* Website */,
			);
			name = RepDetails;
			sourceTree = "<group>";
		};
		83EF295D1AF8063A009F1795 /* Website */ = {
			isa = PBXGroup;
			children = (
				83EF295A1AF80636009F1795 /* WebViewController.h */,
				83EF295B1AF80636009F1795 /* WebViewController.m */,
			);
			name = Website;
			sourceTree = "<group>";
		};
		83EF29611AF849B8009F1795 /* Location */ = {
			isa = PBXGroup;
			children = (
				83EF295E1AF849B3009F1795 /* LocationViewController.h */,
				83EF295F1AF849B3009F1795 /* LocationViewController.m */,
				832FAAD41AF8667000BAC2F4 /* OfficeAnnotation.h */,
				832FAAD51AF8667000BAC2F4 /* OfficeAnnotation.m */,
			);
			name = Location;
			sourceTree = "<group>";
		};
/* End PBXGroup section */

/* Begin PBXNativeTarget section */
		839A5D701AF18799006702AB /* RainMyRepresentatives */ = {
			isa = PBXNativeTarget;
			buildConfigurationList = 839A5D941AF18799006702AB /* Build configuration list for PBXNativeTarget "RainMyRepresentatives" */;
			buildPhases = (
				839A5D6D1AF18799006702AB /* Sources */,
				839A5D6E1AF18799006702AB /* Frameworks */,
				839A5D6F1AF18799006702AB /* Resources */,
			);
			buildRules = (
			);
			dependencies = (
			);
			name = RainMyRepresentatives;
			productName = RainMyRepresentatives;
			productReference = 839A5D711AF18799006702AB /* RainMyRepresentatives.app */;
			productType = "com.apple.product-type.application";
		};
		839A5D891AF18799006702AB /* RainMyRepresentativesTests */ = {
			isa = PBXNativeTarget;
			buildConfigurationList = 839A5D971AF18799006702AB /* Build configuration list for PBXNativeTarget "RainMyRepresentativesTests" */;
			buildPhases = (
				839A5D861AF18799006702AB /* Sources */,
				839A5D871AF18799006702AB /* Frameworks */,
				839A5D881AF18799006702AB /* Resources */,
			);
			buildRules = (
			);
			dependencies = (
				839A5D8C1AF18799006702AB /* PBXTargetDependency */,
			);
			name = RainMyRepresentativesTests;
			productName = RainMyRepresentativesTests;
			productReference = 839A5D8A1AF18799006702AB /* RainMyRepresentativesTests.xctest */;
			productType = "com.apple.product-type.bundle.unit-test";
		};
/* End PBXNativeTarget section */

/* Begin PBXProject section */
		839A5D691AF18799006702AB /* Project object */ = {
			isa = PBXProject;
			attributes = {
				LastUpgradeCheck = 0620;
				ORGANIZATIONNAME = "Jordan Nelson";
				TargetAttributes = {
					839A5D701AF18799006702AB = {
						CreatedOnToolsVersion = 6.2;
					};
					839A5D891AF18799006702AB = {
						CreatedOnToolsVersion = 6.2;
						TestTargetID = 839A5D701AF18799006702AB;
					};
				};
			};
			buildConfigurationList = 839A5D6C1AF18799006702AB /* Build configuration list for PBXProject "RainMyRepresentatives" */;
			compatibilityVersion = "Xcode 3.2";
			developmentRegion = English;
			hasScannedForEncodings = 0;
			knownRegions = (
				en,
				Base,
			);
			mainGroup = 839A5D681AF18799006702AB;
			productRefGroup = 839A5D721AF18799006702AB /* Products */;
			projectDirPath = "";
			projectRoot = "";
			targets = (
				839A5D701AF18799006702AB /* RainMyRepresentatives */,
				839A5D891AF18799006702AB /* RainMyRepresentativesTests */,
			);
		};
/* End PBXProject section */

/* Begin PBXResourcesBuildPhase section */
		839A5D6F1AF18799006702AB /* Resources */ = {
			isa = PBXResourcesBuildPhase;
			buildActionMask = 2147483647;
			files = (
				839A5D801AF18799006702AB /* Main.storyboard in Resources */,
				839A5D851AF18799006702AB /* LaunchScreen.xib in Resources */,
				839A5D821AF18799006702AB /* Images.xcassets in Resources */,
			);
			runOnlyForDeploymentPostprocessing = 0;
		};
		839A5D881AF18799006702AB /* Resources */ = {
			isa = PBXResourcesBuildPhase;
			buildActionMask = 2147483647;
			files = (
			);
			runOnlyForDeploymentPostprocessing = 0;
		};
/* End PBXResourcesBuildPhase section */

/* Begin PBXSourcesBuildPhase section */
		839A5D6D1AF18799006702AB /* Sources */ = {
			isa = PBXSourcesBuildPhase;
			buildActionMask = 2147483647;
			files = (
				83A20E4F1AF305A1007C5FD5 /* Representative.m in Sources */,
				83EF295C1AF80636009F1795 /* WebViewController.m in Sources */,
				83EF29491AF680BA009F1795 /* HomeScreenViewController.m in Sources */,
				83EF29601AF849B3009F1795 /* LocationViewController.m in Sources */,
				832FAAD61AF8667000BAC2F4 /* OfficeAnnotation.m in Sources */,
				83EF29581AF74D84009F1795 /* RepDetailViewController.m in Sources */,
				83EF29551AF6DCF1009F1795 /* SearchResultsTableViewCell.m in Sources */,
				83EF294D1AF6C774009F1795 /* HomeScreenTableViewCell.m in Sources */,
				839A5D7A1AF18799006702AB /* AppDelegate.m in Sources */,
				83A20E571AF3155A007C5FD5 /* RepresentativeController.m in Sources */,
				839A5D771AF18799006702AB /* main.m in Sources */,
				83EF29511AF6D18B009F1795 /* SearchViewController.m in Sources */,
			);
			runOnlyForDeploymentPostprocessing = 0;
		};
		839A5D861AF18799006702AB /* Sources */ = {
			isa = PBXSourcesBuildPhase;
			buildActionMask = 2147483647;
			files = (
				839A5D911AF18799006702AB /* RainMyRepresentativesTests.m in Sources */,
			);
			runOnlyForDeploymentPostprocessing = 0;
		};
/* End PBXSourcesBuildPhase section */

/* Begin PBXTargetDependency section */
		839A5D8C1AF18799006702AB /* PBXTargetDependency */ = {
			isa = PBXTargetDependency;
			target = 839A5D701AF18799006702AB /* RainMyRepresentatives */;
			targetProxy = 839A5D8B1AF18799006702AB /* PBXContainerItemProxy */;
		};
/* End PBXTargetDependency section */

/* Begin PBXVariantGroup section */
		839A5D7E1AF18799006702AB /* Main.storyboard */ = {
			isa = PBXVariantGroup;
			children = (
				839A5D7F1AF18799006702AB /* Base */,
			);
			name = Main.storyboard;
			sourceTree = "<group>";
		};
		839A5D831AF18799006702AB /* LaunchScreen.xib */ = {
			isa = PBXVariantGroup;
			children = (
				839A5D841AF18799006702AB /* Base */,
			);
			name = LaunchScreen.xib;
			sourceTree = "<group>";
		};
/* End PBXVariantGroup section */

/* Begin XCBuildConfiguration section */
		839A5D921AF18799006702AB /* Debug */ = {
			isa = XCBuildConfiguration;
			buildSettings = {
				ALWAYS_SEARCH_USER_PATHS = NO;
				CLANG_CXX_LANGUAGE_STANDARD = "gnu++0x";
				CLANG_CXX_LIBRARY = "libc++";
				CLANG_ENABLE_MODULES = YES;
				CLANG_ENABLE_OBJC_ARC = YES;
				CLANG_WARN_BOOL_CONVERSION = YES;
				CLANG_WARN_CONSTANT_CONVERSION = YES;
				CLANG_WARN_DIRECT_OBJC_ISA_USAGE = YES_ERROR;
				CLANG_WARN_EMPTY_BODY = YES;
				CLANG_WARN_ENUM_CONVERSION = YES;
				CLANG_WARN_INT_CONVERSION = YES;
				CLANG_WARN_OBJC_ROOT_CLASS = YES_ERROR;
				CLANG_WARN_UNREACHABLE_CODE = YES;
				CLANG_WARN__DUPLICATE_METHOD_MATCH = YES;
				"CODE_SIGN_IDENTITY[sdk=iphoneos*]" = "iPhone Developer";
				COPY_PHASE_STRIP = NO;
				ENABLE_STRICT_OBJC_MSGSEND = YES;
				GCC_C_LANGUAGE_STANDARD = gnu99;
				GCC_DYNAMIC_NO_PIC = NO;
				GCC_OPTIMIZATION_LEVEL = 0;
				GCC_PREPROCESSOR_DEFINITIONS = (
					"DEBUG=1",
					"$(inherited)",
				);
				GCC_SYMBOLS_PRIVATE_EXTERN = NO;
				GCC_WARN_64_TO_32_BIT_CONVERSION = YES;
				GCC_WARN_ABOUT_RETURN_TYPE = YES_ERROR;
				GCC_WARN_UNDECLARED_SELECTOR = YES;
				GCC_WARN_UNINITIALIZED_AUTOS = YES_AGGRESSIVE;
				GCC_WARN_UNUSED_FUNCTION = YES;
				GCC_WARN_UNUSED_VARIABLE = YES;
				IPHONEOS_DEPLOYMENT_TARGET = 8.2;
				MTL_ENABLE_DEBUG_INFO = YES;
				ONLY_ACTIVE_ARCH = YES;
				SDKROOT = iphoneos;
			};
			name = Debug;
		};
		839A5D931AF18799006702AB /* Release */ = {
			isa = XCBuildConfiguration;
			buildSettings = {
				ALWAYS_SEARCH_USER_PATHS = NO;
				CLANG_CXX_LANGUAGE_STANDARD = "gnu++0x";
				CLANG_CXX_LIBRARY = "libc++";
				CLANG_ENABLE_MODULES = YES;
				CLANG_ENABLE_OBJC_ARC = YES;
				CLANG_WARN_BOOL_CONVERSION = YES;
				CLANG_WARN_CONSTANT_CONVERSION = YES;
				CLANG_WARN_DIRECT_OBJC_ISA_USAGE = YES_ERROR;
				CLANG_WARN_EMPTY_BODY = YES;
				CLANG_WARN_ENUM_CONVERSION = YES;
				CLANG_WARN_INT_CONVERSION = YES;
				CLANG_WARN_OBJC_ROOT_CLASS = YES_ERROR;
				CLANG_WARN_UNREACHABLE_CODE = YES;
				CLANG_WARN__DUPLICATE_METHOD_MATCH = YES;
				"CODE_SIGN_IDENTITY[sdk=iphoneos*]" = "iPhone Developer";
				COPY_PHASE_STRIP = NO;
				ENABLE_NS_ASSERTIONS = NO;
				ENABLE_STRICT_OBJC_MSGSEND = YES;
				GCC_C_LANGUAGE_STANDARD = gnu99;
				GCC_WARN_64_TO_32_BIT_CONVERSION = YES;
				GCC_WARN_ABOUT_RETURN_TYPE = YES_ERROR;
				GCC_WARN_UNDECLARED_SELECTOR = YES;
				GCC_WARN_UNINITIALIZED_AUTOS = YES_AGGRESSIVE;
				GCC_WARN_UNUSED_FUNCTION = YES;
				GCC_WARN_UNUSED_VARIABLE = YES;
				IPHONEOS_DEPLOYMENT_TARGET = 8.2;
				MTL_ENABLE_DEBUG_INFO = NO;
				SDKROOT = iphoneos;
				VALIDATE_PRODUCT = YES;
			};
			name = Release;
		};
		839A5D951AF18799006702AB /* Debug */ = {
			isa = XCBuildConfiguration;
			buildSettings = {
				ASSETCATALOG_COMPILER_APPICON_NAME = AppIcon;
				INFOPLIST_FILE = RainMyRepresentatives/Info.plist;
				LD_RUNPATH_SEARCH_PATHS = "$(inherited) @executable_path/Frameworks";
				PRODUCT_NAME = "$(TARGET_NAME)";
				TARGETED_DEVICE_FAMILY = "1,2";
			};
			name = Debug;
		};
		839A5D961AF18799006702AB /* Release */ = {
			isa = XCBuildConfiguration;
			buildSettings = {
				ASSETCATALOG_COMPILER_APPICON_NAME = AppIcon;
				INFOPLIST_FILE = RainMyRepresentatives/Info.plist;
				LD_RUNPATH_SEARCH_PATHS = "$(inherited) @executable_path/Frameworks";
				PRODUCT_NAME = "$(TARGET_NAME)";
				TARGETED_DEVICE_FAMILY = "1,2";
			};
			name = Release;
		};
		839A5D981AF18799006702AB /* Debug */ = {
			isa = XCBuildConfiguration;
			buildSettings = {
				BUNDLE_LOADER = "$(TEST_HOST)";
				FRAMEWORK_SEARCH_PATHS = (
					"$(SDKROOT)/Developer/Library/Frameworks",
					"$(inherited)",
				);
				GCC_PREPROCESSOR_DEFINITIONS = (
					"DEBUG=1",
					"$(inherited)",
				);
				INFOPLIST_FILE = RainMyRepresentativesTests/Info.plist;
				LD_RUNPATH_SEARCH_PATHS = "$(inherited) @executable_path/Frameworks @loader_path/Frameworks";
				PRODUCT_NAME = "$(TARGET_NAME)";
				TEST_HOST = "$(BUILT_PRODUCTS_DIR)/RainMyRepresentatives.app/RainMyRepresentatives";
			};
			name = Debug;
		};
		839A5D991AF18799006702AB /* Release */ = {
			isa = XCBuildConfiguration;
			buildSettings = {
				BUNDLE_LOADER = "$(TEST_HOST)";
				FRAMEWORK_SEARCH_PATHS = (
					"$(SDKROOT)/Developer/Library/Frameworks",
					"$(inherited)",
				);
				INFOPLIST_FILE = RainMyRepresentativesTests/Info.plist;
				LD_RUNPATH_SEARCH_PATHS = "$(inherited) @executable_path/Frameworks @loader_path/Frameworks";
				PRODUCT_NAME = "$(TARGET_NAME)";
				TEST_HOST = "$(BUILT_PRODUCTS_DIR)/RainMyRepresentatives.app/RainMyRepresentatives";
			};
			name = Release;
		};
/* End XCBuildConfiguration section */

/* Begin XCConfigurationList section */
		839A5D6C1AF18799006702AB /* Build configuration list for PBXProject "RainMyRepresentatives" */ = {
			isa = XCConfigurationList;
			buildConfigurations = (
				839A5D921AF18799006702AB /* Debug */,
				839A5D931AF18799006702AB /* Release */,
			);
			defaultConfigurationIsVisible = 0;
			defaultConfigurationName = Release;
		};
		839A5D941AF18799006702AB /* Build configuration list for PBXNativeTarget "RainMyRepresentatives" */ = {
			isa = XCConfigurationList;
			buildConfigurations = (
				839A5D951AF18799006702AB /* Debug */,
				839A5D961AF18799006702AB /* Release */,
			);
			defaultConfigurationIsVisible = 0;
			defaultConfigurationName = Release;
		};
		839A5D971AF18799006702AB /* Build configuration list for PBXNativeTarget "RainMyRepresentativesTests" */ = {
			isa = XCConfigurationList;
			buildConfigurations = (
				839A5D981AF18799006702AB /* Debug */,
				839A5D991AF18799006702AB /* Release */,
			);
			defaultConfigurationIsVisible = 0;
			defaultConfigurationName = Release;
		};
/* End XCConfigurationList section */
	};
	rootObject = 839A5D691AF18799006702AB /* Project object */;
}
